
Microsoft Visual Studio Solution File, Format Version 12.00
Project("{FAE04EC0-301F-11D3-BF4B-00C04F79EFBC}") = "HelloWorld", "HelloWorld\HelloWorld.csproj", "{C0296E14-43E2-4EB6-A7AF-47F2B29E77ED}"
EndProject
Project("{FAE04EC0-301F-11D3-BF4B-00C04F79EFBC}") = "FirstAgent", "FirstAgent\FirstAgent.csproj", "{947A8F60-B72F-48FC-9792-821A41F8B66D}"
EndProject
Global
	GlobalSection(SolutionConfigurationPlatforms) = preSolution
		Debug|Any CPU = Debug|Any CPU
		Release|Any CPU = Release|Any CPU
	EndGlobalSection
	GlobalSection(ProjectConfigurationPlatforms) = postSolution
		{C0296E14-43E2-4EB6-A7AF-47F2B29E77ED}.Debug|Any CPU.ActiveCfg = Debug|Any CPU
		{C0296E14-43E2-4EB6-A7AF-47F2B29E77ED}.Debug|Any CPU.Build.0 = Debug|Any CPU
		{C0296E14-43E2-4EB6-A7AF-47F2B29E77ED}.Release|Any CPU.ActiveCfg = Release|Any CPU
		{C0296E14-43E2-4EB6-A7AF-47F2B29E77ED}.Release|Any CPU.Build.0 = Release|Any CPU
		{947A8F60-B72F-48FC-9792-821A41F8B66D}.Debug|Any CPU.ActiveCfg = Debug|Any CPU
		{947A8F60-B72F-48FC-9792-821A41F8B66D}.Debug|Any CPU.Build.0 = Debug|Any CPU
		{947A8F60-B72F-48FC-9792-821A41F8B66D}.Release|Any CPU.ActiveCfg = Release|Any CPU
		{947A8F60-B72F-48FC-9792-821A41F8B66D}.Release|Any CPU.Build.0 = Release|Any CPU
	EndGlobalSection
EndGlobal
